
Microsoft Visual Studio Solution File, Format Version 12.00
# Visual Studio 15
VisualStudioVersion = 15.0.28307.1758
MinimumVisualStudioVersion = 10.0.40219.1
Project("{00D1A9C2-B5F0-4AF3-8072-F6C62B433612}") = "TestDatabase1", "TestDatabase1\TestDatabase1.sqlproj", "{C43CD345-04B1-430C-8F8B-275BC1C4A4AB}"
EndProject
Global
	GlobalSection(SolutionConfigurationPlatforms) = preSolution
		Debug|Any CPU = Debug|Any CPU
		Release|Any CPU = Release|Any CPU
	EndGlobalSection
	GlobalSection(ProjectConfigurationPlatforms) = postSolution
		{C43CD345-04B1-430C-8F8B-275BC1C4A4AB}.Debug|Any CPU.ActiveCfg = Debug|Any CPU
		{C43CD345-04B1-430C-8F8B-275BC1C4A4AB}.Debug|Any CPU.Build.0 = Debug|Any CPU
		{C43CD345-04B1-430C-8F8B-275BC1C4A4AB}.Debug|Any CPU.Deploy.0 = Debug|Any CPU
		{C43CD345-04B1-430C-8F8B-275BC1C4A4AB}.Release|Any CPU.ActiveCfg = Release|Any CPU
		{C43CD345-04B1-430C-8F8B-275BC1C4A4AB}.Release|Any CPU.Build.0 = Release|Any CPU
		{C43CD345-04B1-430C-8F8B-275BC1C4A4AB}.Release|Any CPU.Deploy.0 = Release|Any CPU
	EndGlobalSection
	GlobalSection(SolutionProperties) = preSolution
		HideSolutionNode = FALSE
	EndGlobalSection
	GlobalSection(ExtensibilityGlobals) = postSolution
		SolutionGuid = {5F8F484E-142F-4852-A42D-AE22A8F01DCE}
	EndGlobalSection
EndGlobal
